// !$*UTF8*$!
{
	archiveVersion = 1;
	classes = {
	};
	objectVersion = 46;
	objects = {

/* Begin PBXBuildFile section */
		234AED8D1F11442A00092200 /* AppDelegate.swift in Sources */ = {isa = PBXBuildFile; fileRef = 234AED8C1F11442A00092200 /* AppDelegate.swift */; };
		234AED8F1F11442A00092200 /* ViewController.swift in Sources */ = {isa = PBXBuildFile; fileRef = 234AED8E1F11442A00092200 /* ViewController.swift */; };
		234AED921F11442A00092200 /* Main.storyboard in Resources */ = {isa = PBXBuildFile; fileRef = 234AED901F11442A00092200 /* Main.storyboard */; };
		234AED941F11442A00092200 /* Assets.xcassets in Resources */ = {isa = PBXBuildFile; fileRef = 234AED931F11442A00092200 /* Assets.xcassets */; };
		234AED971F11442A00092200 /* LaunchScreen.storyboard in Resources */ = {isa = PBXBuildFile; fileRef = 234AED951F11442A00092200 /* LaunchScreen.storyboard */; };
/* End PBXBuildFile section */

/* Begin PBXFileReference section */
		234AED891F11442A00092200 /* Paid Aid.app */ = {isa = PBXFileReference; explicitFileType = wrapper.application; includeInIndex = 0; path = "Paid Aid.app"; sourceTree = BUILT_PRODUCTS_DIR; };
		234AED8C1F11442A00092200 /* AppDelegate.swift */ = {isa = PBXFileReference; lastKnownFileType = sourcecode.swift; path = AppDelegate.swift; sourceTree = "<group>"; };
		234AED8E1F11442A00092200 /* ViewController.swift */ = {isa = PBXFileReference; lastKnownFileType = sourcecode.swift; path = ViewController.swift; sourceTree = "<group>"; };
		234AED911F11442A00092200 /* Base */ = {isa = PBXFileReference; lastKnownFileType = file.storyboard; name = Base; path = Base.lproj/Main.storyboard; sourceTree = "<group>"; };
		234AED931F11442A00092200 /* Assets.xcassets */ = {isa = PBXFileReference; lastKnownFileType = folder.assetcatalog; path = Assets.xcassets; sourceTree = "<group>"; };
		234AED961F11442A00092200 /* Base */ = {isa = PBXFileReference; lastKnownFileType = file.storyboard; name = Base; path = Base.lproj/LaunchScreen.storyboard; sourceTree = "<group>"; };
		234AED981F11442A00092200 /* Info.plist */ = {isa = PBXFileReference; lastKnownFileType = text.plist.xml; path = Info.plist; sourceTree = "<group>"; };
/* End PBXFileReference section */

/* Begin PBXFrameworksBuildPhase section */
		234AED861F11442A00092200 /* Frameworks */ = {
			isa = PBXFrameworksBuildPhase;
			buildActionMask = 2147483647;
			files = (
			);
			runOnlyForDeploymentPostprocessing = 0;
		};
/* End PBXFrameworksBuildPhase section */

/* Begin PBXGroup section */
		234AED801F11442A00092200 = {
			isa = PBXGroup;
			children = (
				234AED8B1F11442A00092200 /* Paid Aid */,
				234AED8A1F11442A00092200 /* Products */,
			);
			sourceTree = "<group>";
		};
		234AED8A1F11442A00092200 /* Products */ = {
			isa = PBXGroup;
			children = (
				234AED891F11442A00092200 /* Paid Aid.app */,
			);
			name = Products;
			sourceTree = "<group>";
		};
		234AED8B1F11442A00092200 /* Paid Aid */ = {
			isa = PBXGroup;
			children = (
				234AED8C1F11442A00092200 /* AppDelegate.swift */,
				234AED8E1F11442A00092200 /* ViewController.swift */,
				234AED901F11442A00092200 /* Main.storyboard */,
				234AED931F11442A00092200 /* Assets.xcassets */,
				234AED951F11442A00092200 /* LaunchScreen.storyboard */,
				234AED981F11442A00092200 /* Info.plist */,
			);
			path = "Paid Aid";
			sourceTree = "<group>";
		};
/* End PBXGroup section */

/* Begin PBXNativeTarget section */
		234AED881F11442A00092200 /* Paid Aid */ = {
			isa = PBXNativeTarget;
			buildConfigurationList = 234AED9B1F11442A00092200 /* Build configuration list for PBXNativeTarget "Paid Aid" */;
			buildPhases = (
				234AED851F11442A00092200 /* Sources */,
				234AED861F11442A00092200 /* Frameworks */,
				234AED871F11442A00092200 /* Resources */,
			);
			buildRules = (
			);
			dependencies = (
			);
			name = "Paid Aid";
			productName = "Paid Aid";
			productReference = 234AED891F11442A00092200 /* Paid Aid.app */;
			productType = "com.apple.product-type.application";
		};
/* End PBXNativeTarget section */

/* Begin PBXProject section */
		234AED811F11442A00092200 /* Project object */ = {
			isa = PBXProject;
			attributes = {
				LastSwiftUpdateCheck = 0830;
				LastUpgradeCheck = 0830;
				ORGANIZATIONNAME = PaidAid.JD;
				TargetAttributes = {
					234AED881F11442A00092200 = {
						CreatedOnToolsVersion = 8.3.3;
						DevelopmentTeam = TLNEDQFK2T;
						ProvisioningStyle = Automatic;
					};
				};
			};
			buildConfigurationList = 234AED841F11442A00092200 /* Build configuration list for PBXProject "Paid Aid" */;
			compatibilityVersion = "Xcode 3.2";
			developmentRegion = English;
			hasScannedForEncodings = 0;
			knownRegions = (
				en,
				Base,
			);
			mainGroup = 234AED801F11442A00092200;
			productRefGroup = 234AED8A1F11442A00092200 /* Products */;
			projectDirPath = "";
			projectRoot = "";
			targets = (
				234AED881F11442A00092200 /* Paid Aid */,
			);
		};
/* End PBXProject section */

/* Begin PBXResourcesBuildPhase section */
		234AED871F11442A00092200 /* Resources */ = {
			isa = PBXResourcesBuildPhase;
			buildActionMask = 2147483647;
			files = (
				234AED971F11442A00092200 /* LaunchScreen.storyboard in Resources */,
				234AED941F11442A00092200 /* Assets.xcassets in Resources */,
				234AED921F11442A00092200 /* Main.storyboard in Resources */,
			);
			runOnlyForDeploymentPostprocessing = 0;
		};
/* End PBXResourcesBuildPhase section */

/* Begin PBXSourcesBuildPhase section */
		234AED851F11442A00092200 /* Sources */ = {
			isa = PBXSourcesBuildPhase;
			buildActionMask = 2147483647;
			files = (
				234AED8F1F11442A00092200 /* ViewController.swift in Sources */,
				234AED8D1F11442A00092200 /* AppDelegate.swift in Sources */,
			);
			runOnlyForDeploymentPostprocessing = 0;
		};
/* End PBXSourcesBuildPhase section */

/* Begin PBXVariantGroup section */
		234AED901F11442A00092200 /* Main.storyboard */ = {
			isa = PBXVariantGroup;
			children = (
				234AED911F11442A00092200 /* Base */,
			);
			name = Main.storyboard;
			sourceTree = "<group>";
		};
		234AED951F11442A00092200 /* LaunchScreen.storyboard */ = {
			isa = PBXVariantGroup;
			children = (
				234AED961F11442A00092200 /* Base */,
			);
			name = LaunchScreen.storyboard;
			sourceTree = "<group>";
		};
/* End PBXVariantGroup section */

/* Begin XCBuildConfiguration section */
		234AED991F11442A00092200 /* Debug */ = {
			isa = XCBuildConfiguration;
			buildSettings = {
				ALWAYS_SEARCH_USER_PATHS = NO;
				CLANG_ANALYZER_NONNULL = YES;
				CLANG_ANALYZER_NUMBER_OBJECT_CONVERSION = YES_AGGRESSIVE;
				CLANG_CXX_LANGUAGE_STANDARD = "gnu++0x";
				CLANG_CXX_LIBRARY = "libc++";
				CLANG_ENABLE_MODULES = YES;
				CLANG_ENABLE_OBJC_ARC = YES;
				CLANG_WARN_BOOL_CONVERSION = YES;
				CLANG_WARN_CONSTANT_CONVERSION = YES;
				CLANG_WARN_DIRECT_OBJC_ISA_USAGE = YES_ERROR;
				CLANG_WARN_DOCUMENTATION_COMMENTS = YES;
				CLANG_WARN_EMPTY_BODY = YES;
				CLANG_WARN_ENUM_CONVERSION = YES;
				CLANG_WARN_INFINITE_RECURSION = YES;
				CLANG_WARN_INT_CONVERSION = YES;
				CLANG_WARN_OBJC_ROOT_CLASS = YES_ERROR;
				CLANG_WARN_SUSPICIOUS_MOVE = YES;
				CLANG_WARN_UNREACHABLE_CODE = YES;
				CLANG_WARN__DUPLICATE_METHOD_MATCH = YES;
				"CODE_SIGN_IDENTITY[sdk=iphoneos*]" = "iPhone Developer";
				COPY_PHASE_STRIP = NO;
				DEBUG_INFORMATION_FORMAT = dwarf;
				ENABLE_STRICT_OBJC_MSGSEND = YES;
				ENABLE_TESTABILITY = YES;
				GCC_C_LANGUAGE_STANDARD = gnu99;
				GCC_DYNAMIC_NO_PIC = NO;
				GCC_NO_COMMON_BLOCKS = YES;
				GCC_OPTIMIZATION_LEVEL = 0;
				GCC_PREPROCESSOR_DEFINITIONS = (
					"DEBUG=1",
					"$(inherited)",
				);
				GCC_WARN_64_TO_32_BIT_CONVERSION = YES;
				GCC_WARN_ABOUT_RETURN_TYPE = YES_ERROR;
				GCC_WARN_UNDECLARED_SELECTOR = YES;
				GCC_WARN_UNINITIALIZED_AUTOS = YES_AGGRESSIVE;
				GCC_WARN_UNUSED_FUNCTION = YES;
				GCC_WARN_UNUSED_VARIABLE = YES;
				IPHONEOS_DEPLOYMENT_TARGET = 10.3;
				MTL_ENABLE_DEBUG_INFO = YES;
				ONLY_ACTIVE_ARCH = YES;
				SDKROOT = iphoneos;
				SWIFT_ACTIVE_COMPILATION_CONDITIONS = DEBUG;
				SWIFT_OPTIMIZATION_LEVEL = "-Onone";
			};
			name = Debug;
		};
		234AED9A1F11442A00092200 /* Release */ = {
			isa = XCBuildConfiguration;
			buildSettings = {
				ALWAYS_SEARCH_USER_PATHS = NO;
				CLANG_ANALYZER_NONNULL = YES;
				CLANG_ANALYZER_NUMBER_OBJECT_CONVERSION = YES_AGGRESSIVE;
				CLANG_CXX_LANGUAGE_STANDARD = "gnu++0x";
				CLANG_CXX_LIBRARY = "libc++";
				CLANG_ENABLE_MODULES = YES;
				CLANG_ENABLE_OBJC_ARC = YES;
				CLANG_WARN_BOOL_CONVERSION = YES;
				CLANG_WARN_CONSTANT_CONVERSION = YES;
				CLANG_WARN_DIRECT_OBJC_ISA_USAGE = YES_ERROR;
				CLANG_WARN_DOCUMENTATION_COMMENTS = YES;
				CLANG_WARN_EMPTY_BODY = YES;
				CLANG_WARN_ENUM_CONVERSION = YES;
				CLANG_WARN_INFINITE_RECURSION = YES;
				CLANG_WARN_INT_CONVERSION = YES;
				CLANG_WARN_OBJC_ROOT_CLASS = YES_ERROR;
				CLANG_WARN_SUSPICIOUS_MOVE = YES;
				CLANG_WARN_UNREACHABLE_CODE = YES;
				CLANG_WARN__DUPLICATE_METHOD_MATCH = YES;
				"CODE_SIGN_IDENTITY[sdk=iphoneos*]" = "iPhone Developer";
				COPY_PHASE_STRIP = NO;
				DEBUG_INFORMATION_FORMAT = "dwarf-with-dsym";
				ENABLE_NS_ASSERTIONS = NO;
				ENABLE_STRICT_OBJC_MSGSEND = YES;
				GCC_C_LANGUAGE_STANDARD = gnu99;
				GCC_NO_COMMON_BLOCKS = YES;
				GCC_WARN_64_TO_32_BIT_CONVERSION = YES;
				GCC_WARN_ABOUT_RETURN_TYPE = YES_ERROR;
				GCC_WARN_UNDECLARED_SELECTOR = YES;
				GCC_WARN_UNINITIALIZED_AUTOS = YES_AGGRESSIVE;
				GCC_WARN_UNUSED_FUNCTION = YES;
				GCC_WARN_UNUSED_VARIABLE = YES;
				IPHONEOS_DEPLOYMENT_TARGET = 10.3;
				MTL_ENABLE_DEBUG_INFO = NO;
				SDKROOT = iphoneos;
				SWIFT_OPTIMIZATION_LEVEL = "-Owholemodule";
				VALIDATE_PRODUCT = YES;
			};
			name = Release;
		};
		234AED9C1F11442A00092200 /* Debug */ = {
			isa = XCBuildConfiguration;
			buildSettings = {
				ASSETCATALOG_COMPILER_APPICON_NAME = AppIcon;
				DEVELOPMENT_TEAM = TLNEDQFK2T;
				INFOPLIST_FILE = "Paid Aid/Info.plist";
				LD_RUNPATH_SEARCH_PATHS = "$(inherited) @executable_path/Frameworks";
				PRODUCT_BUNDLE_IDENTIFIER = "JD.Paid-Aid";
				PRODUCT_NAME = "$(TARGET_NAME)";
				SWIFT_VERSION = 3.0;
			};
			name = Debug;
		};
		234AED9D1F11442A00092200 /* Release */ = {
			isa = XCBuildConfiguration;
			buildSettings = {
				ASSETCATALOG_COMPILER_APPICON_NAME = AppIcon;
				DEVELOPMENT_TEAM = TLNEDQFK2T;
				INFOPLIST_FILE = "Paid Aid/Info.plist";
				LD_RUNPATH_SEARCH_PATHS = "$(inherited) @executable_path/Frameworks";
				PRODUCT_BUNDLE_IDENTIFIER = "JD.Paid-Aid";
				PRODUCT_NAME = "$(TARGET_NAME)";
				SWIFT_VERSION = 3.0;
			};
			name = Release;
		};
/* End XCBuildConfiguration section */

/* Begin XCConfigurationList section */
		234AED841F11442A00092200 /* Build configuration list for PBXProject "Paid Aid" */ = {
			isa = XCConfigurationList;
			buildConfigurations = (
				234AED991F11442A00092200 /* Debug */,
				234AED9A1F11442A00092200 /* Release */,
			);
			defaultConfigurationIsVisible = 0;
			defaultConfigurationName = Release;
		};
		234AED9B1F11442A00092200 /* Build configuration list for PBXNativeTarget "Paid Aid" */ = {
			isa = XCConfigurationList;
			buildConfigurations = (
				234AED9C1F11442A00092200 /* Debug */,
				234AED9D1F11442A00092200 /* Release */,
			);
			defaultConfigurationIsVisible = 0;
			defaultConfigurationName = Release;
		};
/* End XCConfigurationList section */
	};
	rootObject = 234AED811F11442A00092200 /* Project object */;
}
